repository=https://github.com/bluesky-social/atproto.git
base_commit=89deb9faca20e56fa2a262fe9746ed52bc1095ba
base_image=ghcr.io/bluesky-social/atproto:pds-spaces-alpha
base_digest=sha256:9641f3d5c4ce2bffeee3cd740284c7fc445ef4b4e2ba73f01bf19a59923d0dd4
platform=linux/amd64
base_prepare_sha256=625c47436ba5b551e24538dbafc7e28a10597f1d0c7609d8d7b08124c72f4746
patched_prepare_sha256=3514e51518ff93e3f7d6e1d3533e064c77c79d4b0e82475ec5b1392eaa4cfa32
installer=scripts/testdata/install-official-spaces-alpha-schemas.mjs
installer_sha256=d0ade06b150f3110728c3b100bc4a3565728f49edd7f4883250fbd9e08ffcaab
recipe=scripts/testdata/official-spaces-alpha-schemas.Dockerfile
recipe_sha256=7723c6a9a9677df9e4002958eb30e7b0fcc5ad02a5371e27df776025aba0daf7
wrapper=scripts/test-official-spaces-alpha-mailbox.sh
wrapper_sha256=391d23f5e7788b66815504dddcd3a522d8f7214f26e316be92a37f73b6d4a79b
proof_source=scripts/testdata/official-spaces-alpha-mailbox-proof/main.go
proof_source_sha256=b997727a3921402c901b57a59ad7165fb2b4a19378f6b4295ca6a12659806762
container_runner=scripts/testdata/official-spaces-alpha-run-with-plc.sh
container_runner_sha256=571610cabfa6713a02eabc8d86ee2ee6fe466e6cc10f2cf7194300fd9564c833
plc_mock=scripts/testdata/official-spaces-alpha-plc-mock.mjs
plc_mock_sha256=311acddf63c01e0fa7e6d91647cd95fc21c9f6d8db4f8d2298a4c9a037b4b1cb
tls_proxy=scripts/testdata/official-spaces-alpha-tls-proxy.mjs
tls_proxy_sha256=5a959e1fc53d1f542134d8784c88af9c9264c55dd13e721ff2f292a942ffaf00
schema_bundle_sha256=269570a8ed7ef7f2fcfdb235714fb523dae2cecfb09d6f68887e898654dcf0fe
schema_message_path=lexicons/email/atmos/message.json
schema_message_sha256=dfec09b66d2b64b856bf24f9165f4f1a3b0b6912589f955e5266d2ad632eafbd
schema_message_state_revision_path=lexicons/email/atmos/messageStateRevision.json
schema_message_state_revision_sha256=24e5e48598bd32cba97240b19c09c3576a43a62a13592f77ada55df06ebe17f8
schema_message_state_operation_path=lexicons/email/atmos/messageStateOperation.json
schema_message_state_operation_sha256=0c0d12ec2f818b40a85ebecf14af1fa1fc4a44e260f3ba490cb996639429326b
schema_folder_revision_path=lexicons/email/atmos/folderRevision.json
schema_folder_revision_sha256=7b04352914ab168d69f54b0656b741e50c07287f3d9c3bac20a911407afbd136
schema_folder_operation_path=lexicons/email/atmos/folderOperation.json
schema_folder_operation_sha256=7c2e1a4c144c1c114b627c815d88cf95306240561a748bb5b0aa589582b8986b
verified_at=2026-08-21
