repository=https://github.com/bluesky-social/atproto.git
base_commit=89deb9faca20e56fa2a262fe9746ed52bc1095ba
base_image=ghcr.io/bluesky-social/atproto:pds-spaces-alpha
base_digest=sha256:9641f3d5c4ce2bffeee3cd740284c7fc445ef4b4e2ba73f01bf19a59923d0dd4
platform=linux/amd64
base_prepare_sha256=625c47436ba5b551e24538dbafc7e28a10597f1d0c7609d8d7b08124c72f4746
patched_prepare_sha256=3514e51518ff93e3f7d6e1d3533e064c77c79d4b0e82475ec5b1392eaa4cfa32
installer=scripts/testdata/install-official-spaces-alpha-schemas.mjs
installer_sha256=17a1945f7cebd70fd0626b54502b6a414feaadf0e43108a8f474d9588e1708f7
recipe=scripts/testdata/official-spaces-alpha-schemas.Dockerfile
recipe_sha256=7723c6a9a9677df9e4002958eb30e7b0fcc5ad02a5371e27df776025aba0daf7
wrapper=scripts/test-official-spaces-alpha-mailbox.sh
wrapper_sha256=cf8c7ae11d7d797bea80e8e30766f020fae0e0794ce7754e28c1ad0484ce298d
proof_source=scripts/testdata/official-spaces-alpha-mailbox-proof/main.go
proof_source_sha256=b997727a3921402c901b57a59ad7165fb2b4a19378f6b4295ca6a12659806762
container_runner=scripts/testdata/official-spaces-alpha-run-with-plc.sh
container_runner_sha256=571610cabfa6713a02eabc8d86ee2ee6fe466e6cc10f2cf7194300fd9564c833
plc_mock=scripts/testdata/official-spaces-alpha-plc-mock.mjs
plc_mock_sha256=311acddf63c01e0fa7e6d91647cd95fc21c9f6d8db4f8d2298a4c9a037b4b1cb
tls_proxy=scripts/testdata/official-spaces-alpha-tls-proxy.mjs
tls_proxy_sha256=5a959e1fc53d1f542134d8784c88af9c9264c55dd13e721ff2f292a942ffaf00
schema_bundle_sha256=637a0a17ea286ead7703b8769e4031cd345e13d3ea0a4edebed351bd4915a7b8
schema_message_path=lexicons/email/atmos/message.json
schema_message_sha256=0711f09f63e3655eeefd877889cef572d4a23928a679d32abf86f9d585ceecc1
schema_message_state_revision_path=lexicons/email/atmos/messageStateRevision.json
schema_message_state_revision_sha256=1f23c818f896a47eac101f8e283ccb6ceb3f9dd382e205326e42daaf0bdee0a7
schema_message_state_operation_path=lexicons/email/atmos/messageStateOperation.json
schema_message_state_operation_sha256=e0122e8b316f2c4492a5afb9df614fffa07d44893b4a9a43e411c5427c11b51c
schema_folder_revision_path=lexicons/email/atmos/folderRevision.json
schema_folder_revision_sha256=61cd01cdb386a951912498fbf87f83092bf4de9de971d1b09ea9533019d33e84
schema_folder_operation_path=lexicons/email/atmos/folderOperation.json
schema_folder_operation_sha256=398c98a7db2b6d4e0d1294d2009dbdda51b31d270a9d9dfc03dccd0a1bc5dffc
verified_at=2026-08-21
